
Microsoft Visual Studio Solution File, Format Version 12.00
# Visual Studio Version 17
VisualStudioVersion = 17.3.32901.215
MinimumVisualStudioVersion = 10.0.40219.1
Project("{9A19103F-16F7-4668-BE54-9A1E7A4F7556}") = "ConsoleApp1", "ConsoleApp1\ConsoleApp1.csproj", "{7C1E6BF1-8DA5-458A-A8E9-A9A9F55347DB}"
EndProject
Project("{9A19103F-16F7-4668-BE54-9A1E7A4F7556}") = "ConsoleApp2", "ConsoleApp2\ConsoleApp2.csproj", "{6139B9D9-937E-4CCA-BB12-9D987CCE4155}"
EndProject
Project("{9A19103F-16F7-4668-BE54-9A1E7A4F7556}") = "ConsoleApp3", "ConsoleApp3\ConsoleApp3.csproj", "{802F7BE1-3209-4A19-918D-BAA6847732AE}"
EndProject
Project("{FAE04EC0-301F-11D3-BF4B-00C04F79EFBC}") = "ConsoleApp4", "ConsoleApp4\ConsoleApp4.csproj", "{E216FEA5-5E3C-4481-A827-38EBC1E93111}"
EndProject
Global
	GlobalSection(SolutionConfigurationPlatforms) = preSolution
		Debug|Any CPU = Debug|Any CPU
		Release|Any CPU = Release|Any CPU
	EndGlobalSection
	GlobalSection(ProjectConfigurationPlatforms) = postSolution
		{7C1E6BF1-8DA5-458A-A8E9-A9A9F55347DB}.Debug|Any CPU.ActiveCfg = Debug|Any CPU
		{7C1E6BF1-8DA5-458A-A8E9-A9A9F55347DB}.Debug|Any CPU.Build.0 = Debug|Any CPU
		{7C1E6BF1-8DA5-458A-A8E9-A9A9F55347DB}.Release|Any CPU.ActiveCfg = Release|Any CPU
		{7C1E6BF1-8DA5-458A-A8E9-A9A9F55347DB}.Release|Any CPU.Build.0 = Release|Any CPU
		{6139B9D9-937E-4CCA-BB12-9D987CCE4155}.Debug|Any CPU.ActiveCfg = Debug|Any CPU
		{6139B9D9-937E-4CCA-BB12-9D987CCE4155}.Debug|Any CPU.Build.0 = Debug|Any CPU
		{6139B9D9-937E-4CCA-BB12-9D987CCE4155}.Release|Any CPU.ActiveCfg = Release|Any CPU
		{6139B9D9-937E-4CCA-BB12-9D987CCE4155}.Release|Any CPU.Build.0 = Release|Any CPU
		{802F7BE1-3209-4A19-918D-BAA6847732AE}.Debug|Any CPU.ActiveCfg = Debug|Any CPU
		{802F7BE1-3209-4A19-918D-BAA6847732AE}.Debug|Any CPU.Build.0 = Debug|Any CPU
		{802F7BE1-3209-4A19-918D-BAA6847732AE}.Release|Any CPU.ActiveCfg = Release|Any CPU
		{802F7BE1-3209-4A19-918D-BAA6847732AE}.Release|Any CPU.Build.0 = Release|Any CPU
		{E216FEA5-5E3C-4481-A827-38EBC1E93111}.Debug|Any CPU.ActiveCfg = Debug|Any CPU
		{E216FEA5-5E3C-4481-A827-38EBC1E93111}.Debug|Any CPU.Build.0 = Debug|Any CPU
		{E216FEA5-5E3C-4481-A827-38EBC1E93111}.Release|Any CPU.ActiveCfg = Release|Any CPU
		{E216FEA5-5E3C-4481-A827-38EBC1E93111}.Release|Any CPU.Build.0 = Release|Any CPU
	EndGlobalSection
	GlobalSection(SolutionProperties) = preSolution
		HideSolutionNode = FALSE
	EndGlobalSection
	GlobalSection(ExtensibilityGlobals) = postSolution
		SolutionGuid = {9D3D8C54-88B1-4A33-BCF1-3872EF2E6B5E}
	EndGlobalSection
EndGlobal
